// !$*UTF8*$!
{
	archiveVersion = 1;
	classes = {
	};
	objectVersion = 46;
	objects = {

/* Begin PBXBuildFile section */
		B857D4551C0A50A5002366C4 /* AppDelegate.swift in Sources */ = {isa = PBXBuildFile; fileRef = B857D4541C0A50A5002366C4 /* AppDelegate.swift */; };
		B857D4571C0A50A5002366C4 /* ViewController.swift in Sources */ = {isa = PBXBuildFile; fileRef = B857D4561C0A50A5002366C4 /* ViewController.swift */; };
		B857D45A1C0A50A5002366C4 /* Main.storyboard in Resources */ = {isa = PBXBuildFile; fileRef = B857D4581C0A50A5002366C4 /* Main.storyboard */; };
		B857D45C1C0A50A5002366C4 /* Assets.xcassets in Resources */ = {isa = PBXBuildFile; fileRef = B857D45B1C0A50A5002366C4 /* Assets.xcassets */; };
		B857D45F1C0A50A5002366C4 /* LaunchScreen.storyboard in Resources */ = {isa = PBXBuildFile; fileRef = B857D45D1C0A50A5002366C4 /* LaunchScreen.storyboard */; };
		B857D46A1C0A50A5002366C4 /* QuickDoodleTests.swift in Sources */ = {isa = PBXBuildFile; fileRef = B857D4691C0A50A5002366C4 /* QuickDoodleTests.swift */; };
		B857D4751C0A50A6002366C4 /* QuickDoodleUITests.swift in Sources */ = {isa = PBXBuildFile; fileRef = B857D4741C0A50A6002366C4 /* QuickDoodleUITests.swift */; };
		B857D4831C0A52E5002366C4 /* SettingsViewController.swift in Sources */ = {isa = PBXBuildFile; fileRef = B857D4821C0A52E5002366C4 /* SettingsViewController.swift */; };
		B8725C941CA1E0DA004833F1 /* RGBInfoViewController.swift in Sources */ = {isa = PBXBuildFile; fileRef = B8725C931CA1E0DA004833F1 /* RGBInfoViewController.swift */; };
/* End PBXBuildFile section */

/* Begin PBXContainerItemProxy section */
		B857D4661C0A50A5002366C4 /* PBXContainerItemProxy */ = {
			isa = PBXContainerItemProxy;
			containerPortal = B857D4491C0A50A5002366C4 /* Project object */;
			proxyType = 1;
			remoteGlobalIDString = B857D4501C0A50A5002366C4;
			remoteInfo = QuickDoodle;
		};
		B857D4711C0A50A6002366C4 /* PBXContainerItemProxy */ = {
			isa = PBXContainerItemProxy;
			containerPortal = B857D4491C0A50A5002366C4 /* Project object */;
			proxyType = 1;
			remoteGlobalIDString = B857D4501C0A50A5002366C4;
			remoteInfo = QuickDoodle;
		};
/* End PBXContainerItemProxy section */

/* Begin PBXFileReference section */
		B857D4511C0A50A5002366C4 /* QuickDoodle.app */ = {isa = PBXFileReference; explicitFileType = wrapper.application; includeInIndex = 0; path = QuickDoodle.app; sourceTree = BUILT_PRODUCTS_DIR; };
		B857D4541C0A50A5002366C4 /* AppDelegate.swift */ = {isa = PBXFileReference; lastKnownFileType = sourcecode.swift; path = AppDelegate.swift; sourceTree = "<group>"; };
		B857D4561C0A50A5002366C4 /* ViewController.swift */ = {isa = PBXFileReference; lastKnownFileType = sourcecode.swift; path = ViewController.swift; sourceTree = "<group>"; };
		B857D4591C0A50A5002366C4 /* Base */ = {isa = PBXFileReference; lastKnownFileType = file.storyboard; name = Base; path = Base.lproj/Main.storyboard; sourceTree = "<group>"; };
		B857D45B1C0A50A5002366C4 /* Assets.xcassets */ = {isa = PBXFileReference; lastKnownFileType = folder.assetcatalog; path = Assets.xcassets; sourceTree = "<group>"; };
		B857D45E1C0A50A5002366C4 /* Base */ = {isa = PBXFileReference; lastKnownFileType = file.storyboard; name = Base; path = Base.lproj/LaunchScreen.storyboard; sourceTree = "<group>"; };
		B857D4601C0A50A5002366C4 /* Info.plist */ = {isa = PBXFileReference; lastKnownFileType = text.plist.xml; path = Info.plist; sourceTree = "<group>"; };
		B857D4651C0A50A5002366C4 /* QuickDoodleTests.xctest */ = {isa = PBXFileReference; explicitFileType = wrapper.cfbundle; includeInIndex = 0; path = QuickDoodleTests.xctest; sourceTree = BUILT_PRODUCTS_DIR; };
		B857D4691C0A50A5002366C4 /* QuickDoodleTests.swift */ = {isa = PBXFileReference; lastKnownFileType = sourcecode.swift; path = QuickDoodleTests.swift; sourceTree = "<group>"; };
		B857D46B1C0A50A6002366C4 /* Info.plist */ = {isa = PBXFileReference; lastKnownFileType = text.plist.xml; path = Info.plist; sourceTree = "<group>"; };
		B857D4701C0A50A6002366C4 /* QuickDoodleUITests.xctest */ = {isa = PBXFileReference; explicitFileType = wrapper.cfbundle; includeInIndex = 0; path = QuickDoodleUITests.xctest; sourceTree = BUILT_PRODUCTS_DIR; };
		B857D4741C0A50A6002366C4 /* QuickDoodleUITests.swift */ = {isa = PBXFileReference; lastKnownFileType = sourcecode.swift; path = QuickDoodleUITests.swift; sourceTree = "<group>"; };
		B857D4761C0A50A6002366C4 /* Info.plist */ = {isa = PBXFileReference; lastKnownFileType = text.plist.xml; path = Info.plist; sourceTree = "<group>"; };
		B857D4821C0A52E5002366C4 /* SettingsViewController.swift */ = {isa = PBXFileReference; fileEncoding = 4; lastKnownFileType = sourcecode.swift; path = SettingsViewController.swift; sourceTree = "<group>"; };
		B8725C931CA1E0DA004833F1 /* RGBInfoViewController.swift */ = {isa = PBXFileReference; fileEncoding = 4; lastKnownFileType = sourcecode.swift; path = RGBInfoViewController.swift; sourceTree = "<group>"; };
/* End PBXFileReference section */

/* Begin PBXFrameworksBuildPhase section */
		B857D44E1C0A50A5002366C4 /* Frameworks */ = {
			isa = PBXFrameworksBuildPhase;
			buildActionMask = 2147483647;
			files = (
			);
			runOnlyForDeploymentPostprocessing = 0;
		};
		B857D4621C0A50A5002366C4 /* Frameworks */ = {
			isa = PBXFrameworksBuildPhase;
			buildActionMask = 2147483647;
			files = (
			);
			runOnlyForDeploymentPostprocessing = 0;
		};
		B857D46D1C0A50A6002366C4 /* Frameworks */ = {
			isa = PBXFrameworksBuildPhase;
			buildActionMask = 2147483647;
			files = (
			);
			runOnlyForDeploymentPostprocessing = 0;
		};
/* End PBXFrameworksBuildPhase section */

/* Begin PBXGroup section */
		B857D4481C0A50A5002366C4 = {
			isa = PBXGroup;
			children = (
				B857D4531C0A50A5002366C4 /* QuickDoodle */,
				B857D4681C0A50A5002366C4 /* QuickDoodleTests */,
				B857D4731C0A50A6002366C4 /* QuickDoodleUITests */,
				B857D4521C0A50A5002366C4 /* Products */,
			);
			sourceTree = "<group>";
		};
		B857D4521C0A50A5002366C4 /* Products */ = {
			isa = PBXGroup;
			children = (
				B857D4511C0A50A5002366C4 /* QuickDoodle.app */,
				B857D4651C0A50A5002366C4 /* QuickDoodleTests.xctest */,
				B857D4701C0A50A6002366C4 /* QuickDoodleUITests.xctest */,
			);
			name = Products;
			sourceTree = "<group>";
		};
		B857D4531C0A50A5002366C4 /* QuickDoodle */ = {
			isa = PBXGroup;
			children = (
				B857D4541C0A50A5002366C4 /* AppDelegate.swift */,
				B857D4561C0A50A5002366C4 /* ViewController.swift */,
				B857D4821C0A52E5002366C4 /* SettingsViewController.swift */,
				B8725C931CA1E0DA004833F1 /* RGBInfoViewController.swift */,
				B857D4581C0A50A5002366C4 /* Main.storyboard */,
				B857D45B1C0A50A5002366C4 /* Assets.xcassets */,
				B857D45D1C0A50A5002366C4 /* LaunchScreen.storyboard */,
				B857D4601C0A50A5002366C4 /* Info.plist */,
			);
			path = QuickDoodle;
			sourceTree = "<group>";
		};
		B857D4681C0A50A5002366C4 /* QuickDoodleTests */ = {
			isa = PBXGroup;
			children = (
				B857D4691C0A50A5002366C4 /* QuickDoodleTests.swift */,
				B857D46B1C0A50A6002366C4 /* Info.plist */,
			);
			path = QuickDoodleTests;
			sourceTree = "<group>";
		};
		B857D4731C0A50A6002366C4 /* QuickDoodleUITests */ = {
			isa = PBXGroup;
			children = (
				B857D4741C0A50A6002366C4 /* QuickDoodleUITests.swift */,
				B857D4761C0A50A6002366C4 /* Info.plist */,
			);
			path = QuickDoodleUITests;
			sourceTree = "<group>";
		};
/* End PBXGroup section */

/* Begin PBXNativeTarget section */
		B857D4501C0A50A5002366C4 /* QuickDoodle */ = {
			isa = PBXNativeTarget;
			buildConfigurationList = B857D4791C0A50A6002366C4 /* Build configuration list for PBXNativeTarget "QuickDoodle" */;
			buildPhases = (
				B857D44D1C0A50A5002366C4 /* Sources */,
				B857D44E1C0A50A5002366C4 /* Frameworks */,
				B857D44F1C0A50A5002366C4 /* Resources */,
			);
			buildRules = (
			);
			dependencies = (
			);
			name = QuickDoodle;
			productName = QuickDoodle;
			productReference = B857D4511C0A50A5002366C4 /* QuickDoodle.app */;
			productType = "com.apple.product-type.application";
		};
		B857D4641C0A50A5002366C4 /* QuickDoodleTests */ = {
			isa = PBXNativeTarget;
			buildConfigurationList = B857D47C1C0A50A6002366C4 /* Build configuration list for PBXNativeTarget "QuickDoodleTests" */;
			buildPhases = (
				B857D4611C0A50A5002366C4 /* Sources */,
				B857D4621C0A50A5002366C4 /* Frameworks */,
				B857D4631C0A50A5002366C4 /* Resources */,
			);
			buildRules = (
			);
			dependencies = (
				B857D4671C0A50A5002366C4 /* PBXTargetDependency */,
			);
			name = QuickDoodleTests;
			productName = QuickDoodleTests;
			productReference = B857D4651C0A50A5002366C4 /* QuickDoodleTests.xctest */;
			productType = "com.apple.product-type.bundle.unit-test";
		};
		B857D46F1C0A50A6002366C4 /* QuickDoodleUITests */ = {
			isa = PBXNativeTarget;
			buildConfigurationList = B857D47F1C0A50A6002366C4 /* Build configuration list for PBXNativeTarget "QuickDoodleUITests" */;
			buildPhases = (
				B857D46C1C0A50A6002366C4 /* Sources */,
				B857D46D1C0A50A6002366C4 /* Frameworks */,
				B857D46E1C0A50A6002366C4 /* Resources */,
			);
			buildRules = (
			);
			dependencies = (
				B857D4721C0A50A6002366C4 /* PBXTargetDependency */,
			);
			name = QuickDoodleUITests;
			productName = QuickDoodleUITests;
			productReference = B857D4701C0A50A6002366C4 /* QuickDoodleUITests.xctest */;
			productType = "com.apple.product-type.bundle.ui-testing";
		};
/* End PBXNativeTarget section */

/* Begin PBXProject section */
		B857D4491C0A50A5002366C4 /* Project object */ = {
			isa = PBXProject;
			attributes = {
				LastUpgradeCheck = 0820;
				ORGANIZATIONNAME = "Elijah Freestone";
				TargetAttributes = {
					B857D4501C0A50A5002366C4 = {
						CreatedOnToolsVersion = 7.0;
						DevelopmentTeam = 58QEPHRML8;
						LastSwiftMigration = 0820;
						ProvisioningStyle = Automatic;
					};
					B857D4641C0A50A5002366C4 = {
						CreatedOnToolsVersion = 7.0;
						LastSwiftMigration = 0820;
						TestTargetID = B857D4501C0A50A5002366C4;
					};
					B857D46F1C0A50A6002366C4 = {
						CreatedOnToolsVersion = 7.0;
						LastSwiftMigration = 0820;
						TestTargetID = B857D4501C0A50A5002366C4;
					};
				};
			};
			buildConfigurationList = B857D44C1C0A50A5002366C4 /* Build configuration list for PBXProject "QuickDoodle" */;
			compatibilityVersion = "Xcode 3.2";
			developmentRegion = English;
			hasScannedForEncodings = 0;
			knownRegions = (
				en,
				Base,
			);
			mainGroup = B857D4481C0A50A5002366C4;
			productRefGroup = B857D4521C0A50A5002366C4 /* Products */;
			projectDirPath = "";
			projectRoot = "";
			targets = (
				B857D4501C0A50A5002366C4 /* QuickDoodle */,
				B857D4641C0A50A5002366C4 /* QuickDoodleTests */,
				B857D46F1C0A50A6002366C4 /* QuickDoodleUITests */,
			);
		};
/* End PBXProject section */

/* Begin PBXResourcesBuildPhase section */
		B857D44F1C0A50A5002366C4 /* Resources */ = {
			isa = PBXResourcesBuildPhase;
			buildActionMask = 2147483647;
			files = (
				B857D45F1C0A50A5002366C4 /* LaunchScreen.storyboard in Resources */,
				B857D45C1C0A50A5002366C4 /* Assets.xcassets in Resources */,
				B857D45A1C0A50A5002366C4 /* Main.storyboard in Resources */,
			);
			runOnlyForDeploymentPostprocessing = 0;
		};
		B857D4631C0A50A5002366C4 /* Resources */ = {
			isa = PBXResourcesBuildPhase;
			buildActionMask = 2147483647;
			files = (
			);
			runOnlyForDeploymentPostprocessing = 0;
		};
		B857D46E1C0A50A6002366C4 /* Resources */ = {
			isa = PBXResourcesBuildPhase;
			buildActionMask = 2147483647;
			files = (
			);
			runOnlyForDeploymentPostprocessing = 0;
		};
/* End PBXResourcesBuildPhase section */

/* Begin PBXSourcesBuildPhase section */
		B857D44D1C0A50A5002366C4 /* Sources */ = {
			isa = PBXSourcesBuildPhase;
			buildActionMask = 2147483647;
			files = (
				B8725C941CA1E0DA004833F1 /* RGBInfoViewController.swift in Sources */,
				B857D4571C0A50A5002366C4 /* ViewController.swift in Sources */,
				B857D4551C0A50A5002366C4 /* AppDelegate.swift in Sources */,
				B857D4831C0A52E5002366C4 /* SettingsViewController.swift in Sources */,
			);
			runOnlyForDeploymentPostprocessing = 0;
		};
		B857D4611C0A50A5002366C4 /* Sources */ = {
			isa = PBXSourcesBuildPhase;
			buildActionMask = 2147483647;
			files = (
				B857D46A1C0A50A5002366C4 /* QuickDoodleTests.swift in Sources */,
			);
			runOnlyForDeploymentPostprocessing = 0;
		};
		B857D46C1C0A50A6002366C4 /* Sources */ = {
			isa = PBXSourcesBuildPhase;
			buildActionMask = 2147483647;
			files = (
				B857D4751C0A50A6002366C4 /* QuickDoodleUITests.swift in Sources */,
			);
			runOnlyForDeploymentPostprocessing = 0;
		};
/* End PBXSourcesBuildPhase section */

/* Begin PBXTargetDependency section */
		B857D4671C0A50A5002366C4 /* PBXTargetDependency */ = {
			isa = PBXTargetDependency;
			target = B857D4501C0A50A5002366C4 /* QuickDoodle */;
			targetProxy = B857D4661C0A50A5002366C4 /* PBXContainerItemProxy */;
		};
		B857D4721C0A50A6002366C4 /* PBXTargetDependency */ = {
			isa = PBXTargetDependency;
			target = B857D4501C0A50A5002366C4 /* QuickDoodle */;
			targetProxy = B857D4711C0A50A6002366C4 /* PBXContainerItemProxy */;
		};
/* End PBXTargetDependency section */

/* Begin PBXVariantGroup section */
		B857D4581C0A50A5002366C4 /* Main.storyboard */ = {
			isa = PBXVariantGroup;
			children = (
				B857D4591C0A50A5002366C4 /* Base */,
			);
			name = Main.storyboard;
			sourceTree = "<group>";
		};
		B857D45D1C0A50A5002366C4 /* LaunchScreen.storyboard */ = {
			isa = PBXVariantGroup;
			children = (
				B857D45E1C0A50A5002366C4 /* Base */,
			);
			name = LaunchScreen.storyboard;
			sourceTree = "<group>";
		};
/* End PBXVariantGroup section */

/* Begin XCBuildConfiguration section */
		B857D4771C0A50A6002366C4 /* Debug */ = {
			isa = XCBuildConfiguration;
			buildSettings = {
				ALWAYS_SEARCH_USER_PATHS = NO;
				CLANG_CXX_LANGUAGE_STANDARD = "gnu++0x";
				CLANG_CXX_LIBRARY = "libc++";
				CLANG_ENABLE_MODULES = YES;
				CLANG_ENABLE_OBJC_ARC = YES;
				CLANG_WARN_BOOL_CONVERSION = YES;
				CLANG_WARN_CONSTANT_CONVERSION = YES;
				CLANG_WARN_DIRECT_OBJC_ISA_USAGE = YES_ERROR;
				CLANG_WARN_EMPTY_BODY = YES;
				CLANG_WARN_ENUM_CONVERSION = YES;
				CLANG_WARN_INFINITE_RECURSION = YES;
				CLANG_WARN_INT_CONVERSION = YES;
				CLANG_WARN_OBJC_ROOT_CLASS = YES_ERROR;
				CLANG_WARN_SUSPICIOUS_MOVE = YES;
				CLANG_WARN_UNREACHABLE_CODE = YES;
				CLANG_WARN__DUPLICATE_METHOD_MATCH = YES;
				"CODE_SIGN_IDENTITY[sdk=iphoneos*]" = "iPhone Developer";
				COPY_PHASE_STRIP = NO;
				DEBUG_INFORMATION_FORMAT = dwarf;
				ENABLE_STRICT_OBJC_MSGSEND = YES;
				ENABLE_TESTABILITY = YES;
				GCC_C_LANGUAGE_STANDARD = gnu99;
				GCC_DYNAMIC_NO_PIC = NO;
				GCC_NO_COMMON_BLOCKS = YES;
				GCC_OPTIMIZATION_LEVEL = 0;
				GCC_PREPROCESSOR_DEFINITIONS = (
					"DEBUG=1",
					"$(inherited)",
				);
				GCC_WARN_64_TO_32_BIT_CONVERSION = YES;
				GCC_WARN_ABOUT_RETURN_TYPE = YES_ERROR;
				GCC_WARN_UNDECLARED_SELECTOR = YES;
				GCC_WARN_UNINITIALIZED_AUTOS = YES_AGGRESSIVE;
				GCC_WARN_UNUSED_FUNCTION = YES;
				GCC_WARN_UNUSED_VARIABLE = YES;
				IPHONEOS_DEPLOYMENT_TARGET = 9.0;
				MTL_ENABLE_DEBUG_INFO = YES;
				ONLY_ACTIVE_ARCH = YES;
				SDKROOT = iphoneos;
				SWIFT_OPTIMIZATION_LEVEL = "-Onone";
				TARGETED_DEVICE_FAMILY = "1,2";
			};
			name = Debug;
		};
		B857D4781C0A50A6002366C4 /* Release */ = {
			isa = XCBuildConfiguration;
			buildSettings = {
				ALWAYS_SEARCH_USER_PATHS = NO;
				CLANG_CXX_LANGUAGE_STANDARD = "gnu++0x";
				CLANG_CXX_LIBRARY = "libc++";
				CLANG_ENABLE_MODULES = YES;
				CLANG_ENABLE_OBJC_ARC = YES;
				CLANG_WARN_BOOL_CONVERSION = YES;
				CLANG_WARN_CONSTANT_CONVERSION = YES;
				CLANG_WARN_DIRECT_OBJC_ISA_USAGE = YES_ERROR;
				CLANG_WARN_EMPTY_BODY = YES;
				CLANG_WARN_ENUM_CONVERSION = YES;
				CLANG_WARN_INFINITE_RECURSION = YES;
				CLANG_WARN_INT_CONVERSION = YES;
				CLANG_WARN_OBJC_ROOT_CLASS = YES_ERROR;
				CLANG_WARN_SUSPICIOUS_MOVE = YES;
				CLANG_WARN_UNREACHABLE_CODE = YES;
				CLANG_WARN__DUPLICATE_METHOD_MATCH = YES;
				"CODE_SIGN_IDENTITY[sdk=iphoneos*]" = "iPhone Developer";
				COPY_PHASE_STRIP = NO;
				DEBUG_INFORMATION_FORMAT = "dwarf-with-dsym";
				ENABLE_NS_ASSERTIONS = NO;
				ENABLE_STRICT_OBJC_MSGSEND = YES;
				GCC_C_LANGUAGE_STANDARD = gnu99;
				GCC_NO_COMMON_BLOCKS = YES;
				GCC_WARN_64_TO_32_BIT_CONVERSION = YES;
				GCC_WARN_ABOUT_RETURN_TYPE = YES_ERROR;
				GCC_WARN_UNDECLARED_SELECTOR = YES;
				GCC_WARN_UNINITIALIZED_AUTOS = YES_AGGRESSIVE;
				GCC_WARN_UNUSED_FUNCTION = YES;
				GCC_WARN_UNUSED_VARIABLE = YES;
				IPHONEOS_DEPLOYMENT_TARGET = 9.0;
				MTL_ENABLE_DEBUG_INFO = NO;
				SDKROOT = iphoneos;
				SWIFT_OPTIMIZATION_LEVEL = "-Owholemodule";
				TARGETED_DEVICE_FAMILY = "1,2";
				VALIDATE_PRODUCT = YES;
			};
			name = Release;
		};
		B857D47A1C0A50A6002366C4 /* Debug */ = {
			isa = XCBuildConfiguration;
			buildSettings = {
				ASSETCATALOG_COMPILER_APPICON_NAME = AppIcon;
				CODE_SIGN_IDENTITY = "iPhone Distribution: Elijah Freestone (58QEPHRML8)";
				"CODE_SIGN_IDENTITY[sdk=iphoneos*]" = "iPhone Developer";
				DEVELOPMENT_TEAM = "";
				INFOPLIST_FILE = QuickDoodle/Info.plist;
				IPHONEOS_DEPLOYMENT_TARGET = 8.1;
				LD_RUNPATH_SEARCH_PATHS = "$(inherited) @executable_path/Frameworks";
				PRODUCT_BUNDLE_IDENTIFIER = com.elijahfreestone.quickdoodle;
				PRODUCT_NAME = "$(TARGET_NAME)";
				PROVISIONING_PROFILE = "";
				PROVISIONING_PROFILE_SPECIFIER = "";
				SWIFT_VERSION = 3.0;
			};
			name = Debug;
		};
		B857D47B1C0A50A6002366C4 /* Release */ = {
			isa = XCBuildConfiguration;
			buildSettings = {
				ASSETCATALOG_COMPILER_APPICON_NAME = AppIcon;
				CODE_SIGN_IDENTITY = "iPhone Distribution: Elijah Freestone (58QEPHRML8)";
				"CODE_SIGN_IDENTITY[sdk=iphoneos*]" = "iPhone Developer";
				DEVELOPMENT_TEAM = "";
				INFOPLIST_FILE = QuickDoodle/Info.plist;
				IPHONEOS_DEPLOYMENT_TARGET = 8.1;
				LD_RUNPATH_SEARCH_PATHS = "$(inherited) @executable_path/Frameworks";
				PRODUCT_BUNDLE_IDENTIFIER = com.elijahfreestone.quickdoodle;
				PRODUCT_NAME = "$(TARGET_NAME)";
				PROVISIONING_PROFILE = "";
				PROVISIONING_PROFILE_SPECIFIER = "";
				SWIFT_VERSION = 3.0;
			};
			name = Release;
		};
		B857D47D1C0A50A6002366C4 /* Debug */ = {
			isa = XCBuildConfiguration;
			buildSettings = {
				BUNDLE_LOADER = "$(TEST_HOST)";
				INFOPLIST_FILE = QuickDoodleTests/Info.plist;
				LD_RUNPATH_SEARCH_PATHS = "$(inherited) @executable_path/Frameworks @loader_path/Frameworks";
				PRODUCT_BUNDLE_IDENTIFIER = com.elijahfreestone.QuickDoodleTests;
				PRODUCT_NAME = "$(TARGET_NAME)";
				SWIFT_VERSION = 3.0;
				TEST_HOST = "$(BUILT_PRODUCTS_DIR)/QuickDoodle.app/QuickDoodle";
			};
			name = Debug;
		};
		B857D47E1C0A50A6002366C4 /* Release */ = {
			isa = XCBuildConfiguration;
			buildSettings = {
				BUNDLE_LOADER = "$(TEST_HOST)";
				INFOPLIST_FILE = QuickDoodleTests/Info.plist;
				LD_RUNPATH_SEARCH_PATHS = "$(inherited) @executable_path/Frameworks @loader_path/Frameworks";
				PRODUCT_BUNDLE_IDENTIFIER = com.elijahfreestone.QuickDoodleTests;
				PRODUCT_NAME = "$(TARGET_NAME)";
				SWIFT_VERSION = 3.0;
				TEST_HOST = "$(BUILT_PRODUCTS_DIR)/QuickDoodle.app/QuickDoodle";
			};
			name = Release;
		};
		B857D4801C0A50A6002366C4 /* Debug */ = {
			isa = XCBuildConfiguration;
			buildSettings = {
				INFOPLIST_FILE = QuickDoodleUITests/Info.plist;
				LD_RUNPATH_SEARCH_PATHS = "$(inherited) @executable_path/Frameworks @loader_path/Frameworks";
				PRODUCT_BUNDLE_IDENTIFIER = com.elijahfreestone.QuickDoodleUITests;
				PRODUCT_NAME = "$(TARGET_NAME)";
				SWIFT_VERSION = 3.0;
				TEST_TARGET_NAME = QuickDoodle;
				USES_XCTRUNNER = YES;
			};
			name = Debug;
		};
		B857D4811C0A50A6002366C4 /* Release */ = {
			isa = XCBuildConfiguration;
			buildSettings = {
				INFOPLIST_FILE = QuickDoodleUITests/Info.plist;
				LD_RUNPATH_SEARCH_PATHS = "$(inherited) @executable_path/Frameworks @loader_path/Frameworks";
				PRODUCT_BUNDLE_IDENTIFIER = com.elijahfreestone.QuickDoodleUITests;
				PRODUCT_NAME = "$(TARGET_NAME)";
				SWIFT_VERSION = 3.0;
				TEST_TARGET_NAME = QuickDoodle;
				USES_XCTRUNNER = YES;
			};
			name = Release;
		};
/* End XCBuildConfiguration section */

/* Begin XCConfigurationList section */
		B857D44C1C0A50A5002366C4 /* Build configuration list for PBXProject "QuickDoodle" */ = {
			isa = XCConfigurationList;
			buildConfigurations = (
				B857D4771C0A50A6002366C4 /* Debug */,
				B857D4781C0A50A6002366C4 /* Release */,
			);
			defaultConfigurationIsVisible = 0;
			defaultConfigurationName = Release;
		};
		B857D4791C0A50A6002366C4 /* Build configuration list for PBXNativeTarget "QuickDoodle" */ = {
			isa = XCConfigurationList;
			buildConfigurations = (
				B857D47A1C0A50A6002366C4 /* Debug */,
				B857D47B1C0A50A6002366C4 /* Release */,
			);
			defaultConfigurationIsVisible = 0;
			defaultConfigurationName = Release;
		};
		B857D47C1C0A50A6002366C4 /* Build configuration list for PBXNativeTarget "QuickDoodleTests" */ = {
			isa = XCConfigurationList;
			buildConfigurations = (
				B857D47D1C0A50A6002366C4 /* Debug */,
				B857D47E1C0A50A6002366C4 /* Release */,
			);
			defaultConfigurationIsVisible = 0;
			defaultConfigurationName = Release;
		};
		B857D47F1C0A50A6002366C4 /* Build configuration list for PBXNativeTarget "QuickDoodleUITests" */ = {
			isa = XCConfigurationList;
			buildConfigurations = (
				B857D4801C0A50A6002366C4 /* Debug */,
				B857D4811C0A50A6002366C4 /* Release */,
			);
			defaultConfigurationIsVisible = 0;
			defaultConfigurationName = Release;
		};
/* End XCConfigurationList section */
	};
	rootObject = B857D4491C0A50A5002366C4 /* Project object */;
}
